
Microsoft Visual Studio Solution File, Format Version 12.00
# Visual Studio Version 17
VisualStudioVersion = 17.9.34728.123
MinimumVisualStudioVersion = 10.0.40219.1
Project("{8BC9CEB8-8B4A-11D0-8D11-00A0C91BC942}") = "Program", "Program.vcxproj", "{0DB2C9EB-60A7-4612-973F-CBEE475BF1E8}"
EndProject
Project("{8BC9CEB8-8B4A-11D0-8D11-00A0C91BC942}") = "Class1th(printf)", "..\Class1th (printf)\Class1th (printf).vcxproj", "{7CE1DC92-D60D-4B92-A71A-BE5B949EB63B}"
EndProject
Project("{8BC9CEB8-8B4A-11D0-8D11-00A0C91BC942}") = "Class2th(variable&contant)", "..\Class2th(variable&contant)\Class2th(variable&contant).vcxproj", "{7AC2C5CE-EE20-4A45-B6BD-9C15F477A227}"
EndProject
Project("{8BC9CEB8-8B4A-11D0-8D11-00A0C91BC942}") = "Class3th(Bit)", "..\Class3th(bit)\Class3th(bit).vcxproj", "{8C2EC256-7845-43F7-882F-D0A10D119981}"
EndProject
Project("{8BC9CEB8-8B4A-11D0-8D11-00A0C91BC942}") = "Classth4", "..\Classth4\Classth4.vcxproj", "{8060CDBC-7483-43C9-BA10-D6FCCC4343A5}"
EndProject
Global
	GlobalSection(SolutionConfigurationPlatforms) = preSolution
		Debug|x64 = Debug|x64
		Debug|x86 = Debug|x86
		Release|x64 = Release|x64
		Release|x86 = Release|x86
	EndGlobalSection
	GlobalSection(ProjectConfigurationPlatforms) = postSolution
		{0DB2C9EB-60A7-4612-973F-CBEE475BF1E8}.Debug|x64.ActiveCfg = Debug|x64
		{0DB2C9EB-60A7-4612-973F-CBEE475BF1E8}.Debug|x64.Build.0 = Debug|x64
		{0DB2C9EB-60A7-4612-973F-CBEE475BF1E8}.Debug|x86.ActiveCfg = Debug|Win32
		{0DB2C9EB-60A7-4612-973F-CBEE475BF1E8}.Debug|x86.Build.0 = Debug|Win32
		{0DB2C9EB-60A7-4612-973F-CBEE475BF1E8}.Release|x64.ActiveCfg = Release|x64
		{0DB2C9EB-60A7-4612-973F-CBEE475BF1E8}.Release|x64.Build.0 = Release|x64
		{0DB2C9EB-60A7-4612-973F-CBEE475BF1E8}.Release|x86.ActiveCfg = Release|Win32
		{0DB2C9EB-60A7-4612-973F-CBEE475BF1E8}.Release|x86.Build.0 = Release|Win32
		{7CE1DC92-D60D-4B92-A71A-BE5B949EB63B}.Debug|x64.ActiveCfg = Debug|x64
		{7CE1DC92-D60D-4B92-A71A-BE5B949EB63B}.Debug|x64.Build.0 = Debug|x64
		{7CE1DC92-D60D-4B92-A71A-BE5B949EB63B}.Debug|x86.ActiveCfg = Debug|Win32
		{7CE1DC92-D60D-4B92-A71A-BE5B949EB63B}.Debug|x86.Build.0 = Debug|Win32
		{7CE1DC92-D60D-4B92-A71A-BE5B949EB63B}.Release|x64.ActiveCfg = Release|x64
		{7CE1DC92-D60D-4B92-A71A-BE5B949EB63B}.Release|x64.Build.0 = Release|x64
		{7CE1DC92-D60D-4B92-A71A-BE5B949EB63B}.Release|x86.ActiveCfg = Release|Win32
		{7CE1DC92-D60D-4B92-A71A-BE5B949EB63B}.Release|x86.Build.0 = Release|Win32
		{7AC2C5CE-EE20-4A45-B6BD-9C15F477A227}.Debug|x64.ActiveCfg = Debug|x64
		{7AC2C5CE-EE20-4A45-B6BD-9C15F477A227}.Debug|x64.Build.0 = Debug|x64
		{7AC2C5CE-EE20-4A45-B6BD-9C15F477A227}.Debug|x86.ActiveCfg = Debug|Win32
		{7AC2C5CE-EE20-4A45-B6BD-9C15F477A227}.Debug|x86.Build.0 = Debug|Win32
		{7AC2C5CE-EE20-4A45-B6BD-9C15F477A227}.Release|x64.ActiveCfg = Release|x64
		{7AC2C5CE-EE20-4A45-B6BD-9C15F477A227}.Release|x64.Build.0 = Release|x64
		{7AC2C5CE-EE20-4A45-B6BD-9C15F477A227}.Release|x86.ActiveCfg = Release|Win32
		{7AC2C5CE-EE20-4A45-B6BD-9C15F477A227}.Release|x86.Build.0 = Release|Win32
		{8C2EC256-7845-43F7-882F-D0A10D119981}.Debug|x64.ActiveCfg = Debug|x64
		{8C2EC256-7845-43F7-882F-D0A10D119981}.Debug|x64.Build.0 = Debug|x64
		{8C2EC256-7845-43F7-882F-D0A10D119981}.Debug|x86.ActiveCfg = Debug|Win32
		{8C2EC256-7845-43F7-882F-D0A10D119981}.Debug|x86.Build.0 = Debug|Win32
		{8C2EC256-7845-43F7-882F-D0A10D119981}.Release|x64.ActiveCfg = Release|x64
		{8C2EC256-7845-43F7-882F-D0A10D119981}.Release|x64.Build.0 = Release|x64
		{8C2EC256-7845-43F7-882F-D0A10D119981}.Release|x86.ActiveCfg = Release|Win32
		{8C2EC256-7845-43F7-882F-D0A10D119981}.Release|x86.Build.0 = Release|Win32
		{8060CDBC-7483-43C9-BA10-D6FCCC4343A5}.Debug|x64.ActiveCfg = Debug|x64
		{8060CDBC-7483-43C9-BA10-D6FCCC4343A5}.Debug|x64.Build.0 = Debug|x64
		{8060CDBC-7483-43C9-BA10-D6FCCC4343A5}.Debug|x86.ActiveCfg = Debug|Win32
		{8060CDBC-7483-43C9-BA10-D6FCCC4343A5}.Debug|x86.Build.0 = Debug|Win32
		{8060CDBC-7483-43C9-BA10-D6FCCC4343A5}.Release|x64.ActiveCfg = Release|x64
		{8060CDBC-7483-43C9-BA10-D6FCCC4343A5}.Release|x64.Build.0 = Release|x64
		{8060CDBC-7483-43C9-BA10-D6FCCC4343A5}.Release|x86.ActiveCfg = Release|Win32
		{8060CDBC-7483-43C9-BA10-D6FCCC4343A5}.Release|x86.Build.0 = Release|Win32
	EndGlobalSection
	GlobalSection(SolutionProperties) = preSolution
		HideSolutionNode = FALSE
	EndGlobalSection
	GlobalSection(ExtensibilityGlobals) = postSolution
		SolutionGuid = {8F42FFF9-7591-43CF-BE53-091E1D5728B4}
	EndGlobalSection
EndGlobal
